
Microsoft Visual Studio Solution File, Format Version 12.00
# Visual Studio 15
VisualStudioVersion = 15.0.28307.168
MinimumVisualStudioVersion = 10.0.40219.1
Project("{FAE04EC0-301F-11D3-BF4B-00C04F79EFBC}") = "MarketOrder", "MarketOrder\MarketOrder.csproj", "{C1629F1E-DC6F-4999-9D52-F595141F08BC}"
EndProject
Project("{FAE04EC0-301F-11D3-BF4B-00C04F79EFBC}") = "MarketOrder.Models", "MarketOrder.Models\MarketOrder.Models.csproj", "{9E323460-3E7A-40F0-A2C8-61B0C5465C7B}"
EndProject
Project("{FAE04EC0-301F-11D3-BF4B-00C04F79EFBC}") = "MarketOrder.Business", "MarketOrder.Business\MarketOrder.Business.csproj", "{4A606374-6CB6-46DB-A252-CE4ACA000E46}"
EndProject
Global
	GlobalSection(SolutionConfigurationPlatforms) = preSolution
		Debug|Any CPU = Debug|Any CPU
		Release|Any CPU = Release|Any CPU
	EndGlobalSection
	GlobalSection(ProjectConfigurationPlatforms) = postSolution
		{C1629F1E-DC6F-4999-9D52-F595141F08BC}.Debug|Any CPU.ActiveCfg = Debug|Any CPU
		{C1629F1E-DC6F-4999-9D52-F595141F08BC}.Debug|Any CPU.Build.0 = Debug|Any CPU
		{C1629F1E-DC6F-4999-9D52-F595141F08BC}.Release|Any CPU.ActiveCfg = Release|Any CPU
		{C1629F1E-DC6F-4999-9D52-F595141F08BC}.Release|Any CPU.Build.0 = Release|Any CPU
		{9E323460-3E7A-40F0-A2C8-61B0C5465C7B}.Debug|Any CPU.ActiveCfg = Debug|Any CPU
		{9E323460-3E7A-40F0-A2C8-61B0C5465C7B}.Debug|Any CPU.Build.0 = Debug|Any CPU
		{9E323460-3E7A-40F0-A2C8-61B0C5465C7B}.Release|Any CPU.ActiveCfg = Release|Any CPU
		{9E323460-3E7A-40F0-A2C8-61B0C5465C7B}.Release|Any CPU.Build.0 = Release|Any CPU
		{4A606374-6CB6-46DB-A252-CE4ACA000E46}.Debug|Any CPU.ActiveCfg = Debug|Any CPU
		{4A606374-6CB6-46DB-A252-CE4ACA000E46}.Debug|Any CPU.Build.0 = Debug|Any CPU
		{4A606374-6CB6-46DB-A252-CE4ACA000E46}.Release|Any CPU.ActiveCfg = Release|Any CPU
		{4A606374-6CB6-46DB-A252-CE4ACA000E46}.Release|Any CPU.Build.0 = Release|Any CPU
	EndGlobalSection
	GlobalSection(SolutionProperties) = preSolution
		HideSolutionNode = FALSE
	EndGlobalSection
	GlobalSection(ExtensibilityGlobals) = postSolution
		SolutionGuid = {0FF97F06-A789-4A62-AEBB-02001C7E321A}
	EndGlobalSection
EndGlobal
